
Microsoft Visual Studio Solution File, Format Version 12.00
# Visual Studio Version 17
VisualStudioVersion = 17.3.32901.215
MinimumVisualStudioVersion = 10.0.40219.1
Project("{FAE04EC0-301F-11D3-BF4B-00C04F79EFBC}") = "OptimizationMethods", "OptimizationMethods\OptimizationMethods.csproj", "{8F83090C-139C-4567-93AC-237E0EFBE24B}"
EndProject
Global
	GlobalSection(SolutionConfigurationPlatforms) = preSolution
		Debug|Any CPU = Debug|Any CPU
		Release|Any CPU = Release|Any CPU
	EndGlobalSection
	GlobalSection(ProjectConfigurationPlatforms) = postSolution
		{8F83090C-139C-4567-93AC-237E0EFBE24B}.Debug|Any CPU.ActiveCfg = Debug|Any CPU
		{8F83090C-139C-4567-93AC-237E0EFBE24B}.Debug|Any CPU.Build.0 = Debug|Any CPU
		{8F83090C-139C-4567-93AC-237E0EFBE24B}.Release|Any CPU.ActiveCfg = Release|Any CPU
		{8F83090C-139C-4567-93AC-237E0EFBE24B}.Release|Any CPU.Build.0 = Release|Any CPU
	EndGlobalSection
	GlobalSection(SolutionProperties) = preSolution
		HideSolutionNode = FALSE
	EndGlobalSection
	GlobalSection(ExtensibilityGlobals) = postSolution
		SolutionGuid = {46176A82-E376-40D9-B51B-F816B38BE4F6}
	EndGlobalSection
EndGlobal
